
Microsoft Visual Studio Solution File, Format Version 12.00
# Visual Studio Version 16
VisualStudioVersion = 16.0.31025.194
MinimumVisualStudioVersion = 10.0.40219.1
Project("{8BC9CEB8-8B4A-11D0-8D11-00A0C91BC942}") = "LAB8_1", "LAB8_1\LAB8_1.vcxproj", "{480084AD-1B5B-4D05-B6BB-5C4BEAE4C879}"
EndProject
Project("{8BC9CEB8-8B4A-11D0-8D11-00A0C91BC942}") = "LAB8_2", "LAB8_2\LAB8_2.vcxproj", "{1BC149B3-C356-43A3-87AE-9410C5E7F499}"
EndProject
Project("{8BC9CEB8-8B4A-11D0-8D11-00A0C91BC942}") = "LAB8_3", "LAB8_3\LAB8_3.vcxproj", "{D82C1485-F7C0-4441-A1AD-FEAF455B66B2}"
EndProject
Project("{8BC9CEB8-8B4A-11D0-8D11-00A0C91BC942}") = "LAB8_4", "LAB8_4\LAB8_4.vcxproj", "{0708C7D1-52C9-4F4F-A47B-0B12FF714A3B}"
EndProject
Project("{8BC9CEB8-8B4A-11D0-8D11-00A0C91BC942}") = "LAB8_5_1", "LAB8_5\LAB8_5.vcxproj", "{B1296731-989F-402E-9CF4-5C521DB7AD25}"
EndProject
Project("{8BC9CEB8-8B4A-11D0-8D11-00A0C91BC942}") = "LAB8_5_2", "LAB8_5_2\LAB8_5_2.vcxproj", "{3D793509-36AE-404F-B187-CD16C1098E2C}"
EndProject
Project("{8BC9CEB8-8B4A-11D0-8D11-00A0C91BC942}") = "HW8_1", "HW8_1\HW8_1.vcxproj", "{F0EDBC66-9410-4A1C-9407-4A3214AA5334}"
EndProject
Project("{8BC9CEB8-8B4A-11D0-8D11-00A0C91BC942}") = "HW8_2", "HW8_2\HW8_2.vcxproj", "{CBC68353-8D38-4373-B5CF-26FB3FEBA042}"
EndProject
Project("{8BC9CEB8-8B4A-11D0-8D11-00A0C91BC942}") = "HW8_3", "HW8_3\HW8_3.vcxproj", "{CCD18FE1-73AF-41F1-BACE-CDE773F24F28}"
EndProject
Project("{8BC9CEB8-8B4A-11D0-8D11-00A0C91BC942}") = "HW8_4_1", "HW8_4_1\HW8_4_1.vcxproj", "{C34AA23C-B38B-4263-964A-DD6E586FCA38}"
EndProject
Project("{8BC9CEB8-8B4A-11D0-8D11-00A0C91BC942}") = "HW8_4_2", "HW8_4_2\HW8_4_2.vcxproj", "{594230DA-2ECE-4319-BC2C-A98DDBA26D40}"
EndProject
Project("{8BC9CEB8-8B4A-11D0-8D11-00A0C91BC942}") = "HW8_5", "HW8_5\HW8_5.vcxproj", "{3CA1CB15-500A-41DB-A5BF-1C3E2B529CFA}"
EndProject
Project("{8BC9CEB8-8B4A-11D0-8D11-00A0C91BC942}") = "HW8_6", "HW8_6\HW8_6.vcxproj", "{3539AC3A-439C-4CE5-86B4-1B71303345D5}"
EndProject
Project("{8BC9CEB8-8B4A-11D0-8D11-00A0C91BC942}") = "HW8_7", "HW8_7\HW8_7.vcxproj", "{339B338A-C89F-45B3-A9E8-953616171C0F}"
EndProject
Project("{8BC9CEB8-8B4A-11D0-8D11-00A0C91BC942}") = "HW8_8", "HW8_8\HW8_8.vcxproj", "{8DC75FD1-A86C-4600-A209-2B7CFE5054F4}"
EndProject
Project("{8BC9CEB8-8B4A-11D0-8D11-00A0C91BC942}") = "HW9_나", "HW9_나\HW9_나.vcxproj", "{79FDCEDB-9FD8-4511-97C9-46D301474A37}"
EndProject
Project("{8BC9CEB8-8B4A-11D0-8D11-00A0C91BC942}") = "HW8_2_서버제출", "HW8_2_서버제출\HW8_2_서버제출.vcxproj", "{A5D0A098-4E51-4AAF-97BF-A85843999424}"
EndProject
Project("{8BC9CEB8-8B4A-11D0-8D11-00A0C91BC942}") = "HW9_4", "HW9_4\HW9_4.vcxproj", "{BAF3A2C2-7398-4D3C-B6D9-684CC4EB12B7}"
EndProject
Project("{8BC9CEB8-8B4A-11D0-8D11-00A0C91BC942}") = "HW9_5", "HW9_5\HW9_5.vcxproj", "{7DE716E0-771E-48E2-A6D6-6F4DE9FF5132}"
EndProject
Project("{8BC9CEB8-8B4A-11D0-8D11-00A0C91BC942}") = "HW9_나_변형", "HW9_나_변형\HW9_나_변형.vcxproj", "{A569B12E-1C26-401B-9816-CAAB139235F6}"
EndProject
Global
	GlobalSection(SolutionConfigurationPlatforms) = preSolution
		Debug|x64 = Debug|x64
		Debug|x86 = Debug|x86
		Release|x64 = Release|x64
		Release|x86 = Release|x86
	EndGlobalSection
	GlobalSection(ProjectConfigurationPlatforms) = postSolution
		{480084AD-1B5B-4D05-B6BB-5C4BEAE4C879}.Debug|x64.ActiveCfg = Debug|x64
		{480084AD-1B5B-4D05-B6BB-5C4BEAE4C879}.Debug|x64.Build.0 = Debug|x64
		{480084AD-1B5B-4D05-B6BB-5C4BEAE4C879}.Debug|x86.ActiveCfg = Debug|Win32
		{480084AD-1B5B-4D05-B6BB-5C4BEAE4C879}.Debug|x86.Build.0 = Debug|Win32
		{480084AD-1B5B-4D05-B6BB-5C4BEAE4C879}.Release|x64.ActiveCfg = Release|x64
		{480084AD-1B5B-4D05-B6BB-5C4BEAE4C879}.Release|x64.Build.0 = Release|x64
		{480084AD-1B5B-4D05-B6BB-5C4BEAE4C879}.Release|x86.ActiveCfg = Release|Win32
		{480084AD-1B5B-4D05-B6BB-5C4BEAE4C879}.Release|x86.Build.0 = Release|Win32
		{1BC149B3-C356-43A3-87AE-9410C5E7F499}.Debug|x64.ActiveCfg = Debug|x64
		{1BC149B3-C356-43A3-87AE-9410C5E7F499}.Debug|x64.Build.0 = Debug|x64
		{1BC149B3-C356-43A3-87AE-9410C5E7F499}.Debug|x86.ActiveCfg = Debug|Win32
		{1BC149B3-C356-43A3-87AE-9410C5E7F499}.Debug|x86.Build.0 = Debug|Win32
		{1BC149B3-C356-43A3-87AE-9410C5E7F499}.Release|x64.ActiveCfg = Release|x64
		{1BC149B3-C356-43A3-87AE-9410C5E7F499}.Release|x64.Build.0 = Release|x64
		{1BC149B3-C356-43A3-87AE-9410C5E7F499}.Release|x86.ActiveCfg = Release|Win32
		{1BC149B3-C356-43A3-87AE-9410C5E7F499}.Release|x86.Build.0 = Release|Win32
		{D82C1485-F7C0-4441-A1AD-FEAF455B66B2}.Debug|x64.ActiveCfg = Debug|x64
		{D82C1485-F7C0-4441-A1AD-FEAF455B66B2}.Debug|x64.Build.0 = Debug|x64
		{D82C1485-F7C0-4441-A1AD-FEAF455B66B2}.Debug|x86.ActiveCfg = Debug|Win32
		{D82C1485-F7C0-4441-A1AD-FEAF455B66B2}.Debug|x86.Build.0 = Debug|Win32
		{D82C1485-F7C0-4441-A1AD-FEAF455B66B2}.Release|x64.ActiveCfg = Release|x64
		{D82C1485-F7C0-4441-A1AD-FEAF455B66B2}.Release|x64.Build.0 = Release|x64
		{D82C1485-F7C0-4441-A1AD-FEAF455B66B2}.Release|x86.ActiveCfg = Release|Win32
		{D82C1485-F7C0-4441-A1AD-FEAF455B66B2}.Release|x86.Build.0 = Release|Win32
		{0708C7D1-52C9-4F4F-A47B-0B12FF714A3B}.Debug|x64.ActiveCfg = Debug|x64
		{0708C7D1-52C9-4F4F-A47B-0B12FF714A3B}.Debug|x64.Build.0 = Debug|x64
		{0708C7D1-52C9-4F4F-A47B-0B12FF714A3B}.Debug|x86.ActiveCfg = Debug|Win32
		{0708C7D1-52C9-4F4F-A47B-0B12FF714A3B}.Debug|x86.Build.0 = Debug|Win32
		{0708C7D1-52C9-4F4F-A47B-0B12FF714A3B}.Release|x64.ActiveCfg = Release|x64
		{0708C7D1-52C9-4F4F-A47B-0B12FF714A3B}.Release|x64.Build.0 = Release|x64
		{0708C7D1-52C9-4F4F-A47B-0B12FF714A3B}.Release|x86.ActiveCfg = Release|Win32
		{0708C7D1-52C9-4F4F-A47B-0B12FF714A3B}.Release|x86.Build.0 = Release|Win32
		{B1296731-989F-402E-9CF4-5C521DB7AD25}.Debug|x64.ActiveCfg = Debug|x64
		{B1296731-989F-402E-9CF4-5C521DB7AD25}.Debug|x64.Build.0 = Debug|x64
		{B1296731-989F-402E-9CF4-5C521DB7AD25}.Debug|x86.ActiveCfg = Debug|Win32
		{B1296731-989F-402E-9CF4-5C521DB7AD25}.Debug|x86.Build.0 = Debug|Win32
		{B1296731-989F-402E-9CF4-5C521DB7AD25}.Release|x64.ActiveCfg = Release|x64
		{B1296731-989F-402E-9CF4-5C521DB7AD25}.Release|x64.Build.0 = Release|x64
		{B1296731-989F-402E-9CF4-5C521DB7AD25}.Release|x86.ActiveCfg = Release|Win32
		{B1296731-989F-402E-9CF4-5C521DB7AD25}.Release|x86.Build.0 = Release|Win32
		{3D793509-36AE-404F-B187-CD16C1098E2C}.Debug|x64.ActiveCfg = Debug|x64
		{3D793509-36AE-404F-B187-CD16C1098E2C}.Debug|x64.Build.0 = Debug|x64
		{3D793509-36AE-404F-B187-CD16C1098E2C}.Debug|x86.ActiveCfg = Debug|Win32
		{3D793509-36AE-404F-B187-CD16C1098E2C}.Debug|x86.Build.0 = Debug|Win32
		{3D793509-36AE-404F-B187-CD16C1098E2C}.Release|x64.ActiveCfg = Release|x64
		{3D793509-36AE-404F-B187-CD16C1098E2C}.Release|x64.Build.0 = Release|x64
		{3D793509-36AE-404F-B187-CD16C1098E2C}.Release|x86.ActiveCfg = Release|Win32
		{3D793509-36AE-404F-B187-CD16C1098E2C}.Release|x86.Build.0 = Release|Win32
		{F0EDBC66-9410-4A1C-9407-4A3214AA5334}.Debug|x64.ActiveCfg = Debug|x64
		{F0EDBC66-9410-4A1C-9407-4A3214AA5334}.Debug|x64.Build.0 = Debug|x64
		{F0EDBC66-9410-4A1C-9407-4A3214AA5334}.Debug|x86.ActiveCfg = Debug|Win32
		{F0EDBC66-9410-4A1C-9407-4A3214AA5334}.Debug|x86.Build.0 = Debug|Win32
		{F0EDBC66-9410-4A1C-9407-4A3214AA5334}.Release|x64.ActiveCfg = Release|x64
		{F0EDBC66-9410-4A1C-9407-4A3214AA5334}.Release|x64.Build.0 = Release|x64
		{F0EDBC66-9410-4A1C-9407-4A3214AA5334}.Release|x86.ActiveCfg = Release|Win32
		{F0EDBC66-9410-4A1C-9407-4A3214AA5334}.Release|x86.Build.0 = Release|Win32
		{CBC68353-8D38-4373-B5CF-26FB3FEBA042}.Debug|x64.ActiveCfg = Debug|x64
		{CBC68353-8D38-4373-B5CF-26FB3FEBA042}.Debug|x64.Build.0 = Debug|x64
		{CBC68353-8D38-4373-B5CF-26FB3FEBA042}.Debug|x86.ActiveCfg = Debug|Win32
		{CBC68353-8D38-4373-B5CF-26FB3FEBA042}.Debug|x86.Build.0 = Debug|Win32
		{CBC68353-8D38-4373-B5CF-26FB3FEBA042}.Release|x64.ActiveCfg = Release|x64
		{CBC68353-8D38-4373-B5CF-26FB3FEBA042}.Release|x64.Build.0 = Release|x64
		{CBC68353-8D38-4373-B5CF-26FB3FEBA042}.Release|x86.ActiveCfg = Release|Win32
		{CBC68353-8D38-4373-B5CF-26FB3FEBA042}.Release|x86.Build.0 = Release|Win32
		{CCD18FE1-73AF-41F1-BACE-CDE773F24F28}.Debug|x64.ActiveCfg = Debug|x64
		{CCD18FE1-73AF-41F1-BACE-CDE773F24F28}.Debug|x64.Build.0 = Debug|x64
		{CCD18FE1-73AF-41F1-BACE-CDE773F24F28}.Debug|x86.ActiveCfg = Debug|Win32
		{CCD18FE1-73AF-41F1-BACE-CDE773F24F28}.Debug|x86.Build.0 = Debug|Win32
		{CCD18FE1-73AF-41F1-BACE-CDE773F24F28}.Release|x64.ActiveCfg = Release|x64
		{CCD18FE1-73AF-41F1-BACE-CDE773F24F28}.Release|x64.Build.0 = Release|x64
		{CCD18FE1-73AF-41F1-BACE-CDE773F24F28}.Release|x86.ActiveCfg = Release|Win32
		{CCD18FE1-73AF-41F1-BACE-CDE773F24F28}.Release|x86.Build.0 = Release|Win32
		{C34AA23C-B38B-4263-964A-DD6E586FCA38}.Debug|x64.ActiveCfg = Debug|x64
		{C34AA23C-B38B-4263-964A-DD6E586FCA38}.Debug|x64.Build.0 = Debug|x64
		{C34AA23C-B38B-4263-964A-DD6E586FCA38}.Debug|x86.ActiveCfg = Debug|Win32
		{C34AA23C-B38B-4263-964A-DD6E586FCA38}.Debug|x86.Build.0 = Debug|Win32
		{C34AA23C-B38B-4263-964A-DD6E586FCA38}.Release|x64.ActiveCfg = Release|x64
		{C34AA23C-B38B-4263-964A-DD6E586FCA38}.Release|x64.Build.0 = Release|x64
		{C34AA23C-B38B-4263-964A-DD6E586FCA38}.Release|x86.ActiveCfg = Release|Win32
		{C34AA23C-B38B-4263-964A-DD6E586FCA38}.Release|x86.Build.0 = Release|Win32
		{594230DA-2ECE-4319-BC2C-A98DDBA26D40}.Debug|x64.ActiveCfg = Debug|x64
		{594230DA-2ECE-4319-BC2C-A98DDBA26D40}.Debug|x64.Build.0 = Debug|x64
		{594230DA-2ECE-4319-BC2C-A98DDBA26D40}.Debug|x86.ActiveCfg = Debug|Win32
		{594230DA-2ECE-4319-BC2C-A98DDBA26D40}.Debug|x86.Build.0 = Debug|Win32
		{594230DA-2ECE-4319-BC2C-A98DDBA26D40}.Release|x64.ActiveCfg = Release|x64
		{594230DA-2ECE-4319-BC2C-A98DDBA26D40}.Release|x64.Build.0 = Release|x64
		{594230DA-2ECE-4319-BC2C-A98DDBA26D40}.Release|x86.ActiveCfg = Release|Win32
		{594230DA-2ECE-4319-BC2C-A98DDBA26D40}.Release|x86.Build.0 = Release|Win32
		{3CA1CB15-500A-41DB-A5BF-1C3E2B529CFA}.Debug|x64.ActiveCfg = Debug|x64
		{3CA1CB15-500A-41DB-A5BF-1C3E2B529CFA}.Debug|x64.Build.0 = Debug|x64
		{3CA1CB15-500A-41DB-A5BF-1C3E2B529CFA}.Debug|x86.ActiveCfg = Debug|Win32
		{3CA1CB15-500A-41DB-A5BF-1C3E2B529CFA}.Debug|x86.Build.0 = Debug|Win32
		{3CA1CB15-500A-41DB-A5BF-1C3E2B529CFA}.Release|x64.ActiveCfg = Release|x64
		{3CA1CB15-500A-41DB-A5BF-1C3E2B529CFA}.Release|x64.Build.0 = Release|x64
		{3CA1CB15-500A-41DB-A5BF-1C3E2B529CFA}.Release|x86.ActiveCfg = Release|Win32
		{3CA1CB15-500A-41DB-A5BF-1C3E2B529CFA}.Release|x86.Build.0 = Release|Win32
		{3539AC3A-439C-4CE5-86B4-1B71303345D5}.Debug|x64.ActiveCfg = Debug|x64
		{3539AC3A-439C-4CE5-86B4-1B71303345D5}.Debug|x64.Build.0 = Debug|x64
		{3539AC3A-439C-4CE5-86B4-1B71303345D5}.Debug|x86.ActiveCfg = Debug|Win32
		{3539AC3A-439C-4CE5-86B4-1B71303345D5}.Debug|x86.Build.0 = Debug|Win32
		{3539AC3A-439C-4CE5-86B4-1B71303345D5}.Release|x64.ActiveCfg = Release|x64
		{3539AC3A-439C-4CE5-86B4-1B71303345D5}.Release|x64.Build.0 = Release|x64
		{3539AC3A-439C-4CE5-86B4-1B71303345D5}.Release|x86.ActiveCfg = Release|Win32
		{3539AC3A-439C-4CE5-86B4-1B71303345D5}.Release|x86.Build.0 = Release|Win32
		{339B338A-C89F-45B3-A9E8-953616171C0F}.Debug|x64.ActiveCfg = Debug|x64
		{339B338A-C89F-45B3-A9E8-953616171C0F}.Debug|x64.Build.0 = Debug|x64
		{339B338A-C89F-45B3-A9E8-953616171C0F}.Debug|x86.ActiveCfg = Debug|Win32
		{339B338A-C89F-45B3-A9E8-953616171C0F}.Debug|x86.Build.0 = Debug|Win32
		{339B338A-C89F-45B3-A9E8-953616171C0F}.Release|x64.ActiveCfg = Release|x64
		{339B338A-C89F-45B3-A9E8-953616171C0F}.Release|x64.Build.0 = Release|x64
		{339B338A-C89F-45B3-A9E8-953616171C0F}.Release|x86.ActiveCfg = Release|Win32
		{339B338A-C89F-45B3-A9E8-953616171C0F}.Release|x86.Build.0 = Release|Win32
		{8DC75FD1-A86C-4600-A209-2B7CFE5054F4}.Debug|x64.ActiveCfg = Debug|x64
		{8DC75FD1-A86C-4600-A209-2B7CFE5054F4}.Debug|x64.Build.0 = Debug|x64
		{8DC75FD1-A86C-4600-A209-2B7CFE5054F4}.Debug|x86.ActiveCfg = Debug|Win32
		{8DC75FD1-A86C-4600-A209-2B7CFE5054F4}.Debug|x86.Build.0 = Debug|Win32
		{8DC75FD1-A86C-4600-A209-2B7CFE5054F4}.Release|x64.ActiveCfg = Release|x64
		{8DC75FD1-A86C-4600-A209-2B7CFE5054F4}.Release|x64.Build.0 = Release|x64
		{8DC75FD1-A86C-4600-A209-2B7CFE5054F4}.Release|x86.ActiveCfg = Release|Win32
		{8DC75FD1-A86C-4600-A209-2B7CFE5054F4}.Release|x86.Build.0 = Release|Win32
		{79FDCEDB-9FD8-4511-97C9-46D301474A37}.Debug|x64.ActiveCfg = Debug|x64
		{79FDCEDB-9FD8-4511-97C9-46D301474A37}.Debug|x64.Build.0 = Debug|x64
		{79FDCEDB-9FD8-4511-97C9-46D301474A37}.Debug|x86.ActiveCfg = Debug|Win32
		{79FDCEDB-9FD8-4511-97C9-46D301474A37}.Debug|x86.Build.0 = Debug|Win32
		{79FDCEDB-9FD8-4511-97C9-46D301474A37}.Release|x64.ActiveCfg = Release|x64
		{79FDCEDB-9FD8-4511-97C9-46D301474A37}.Release|x64.Build.0 = Release|x64
		{79FDCEDB-9FD8-4511-97C9-46D301474A37}.Release|x86.ActiveCfg = Release|Win32
		{79FDCEDB-9FD8-4511-97C9-46D301474A37}.Release|x86.Build.0 = Release|Win32
		{A5D0A098-4E51-4AAF-97BF-A85843999424}.Debug|x64.ActiveCfg = Debug|x64
		{A5D0A098-4E51-4AAF-97BF-A85843999424}.Debug|x64.Build.0 = Debug|x64
		{A5D0A098-4E51-4AAF-97BF-A85843999424}.Debug|x86.ActiveCfg = Debug|Win32
		{A5D0A098-4E51-4AAF-97BF-A85843999424}.Debug|x86.Build.0 = Debug|Win32
		{A5D0A098-4E51-4AAF-97BF-A85843999424}.Release|x64.ActiveCfg = Release|x64
		{A5D0A098-4E51-4AAF-97BF-A85843999424}.Release|x64.Build.0 = Release|x64
		{A5D0A098-4E51-4AAF-97BF-A85843999424}.Release|x86.ActiveCfg = Release|Win32
		{A5D0A098-4E51-4AAF-97BF-A85843999424}.Release|x86.Build.0 = Release|Win32
		{BAF3A2C2-7398-4D3C-B6D9-684CC4EB12B7}.Debug|x64.ActiveCfg = Debug|x64
		{BAF3A2C2-7398-4D3C-B6D9-684CC4EB12B7}.Debug|x64.Build.0 = Debug|x64
		{BAF3A2C2-7398-4D3C-B6D9-684CC4EB12B7}.Debug|x86.ActiveCfg = Debug|Win32
		{BAF3A2C2-7398-4D3C-B6D9-684CC4EB12B7}.Debug|x86.Build.0 = Debug|Win32
		{BAF3A2C2-7398-4D3C-B6D9-684CC4EB12B7}.Release|x64.ActiveCfg = Release|x64
		{BAF3A2C2-7398-4D3C-B6D9-684CC4EB12B7}.Release|x64.Build.0 = Release|x64
		{BAF3A2C2-7398-4D3C-B6D9-684CC4EB12B7}.Release|x86.ActiveCfg = Release|Win32
		{BAF3A2C2-7398-4D3C-B6D9-684CC4EB12B7}.Release|x86.Build.0 = Release|Win32
		{7DE716E0-771E-48E2-A6D6-6F4DE9FF5132}.Debug|x64.ActiveCfg = Debug|x64
		{7DE716E0-771E-48E2-A6D6-6F4DE9FF5132}.Debug|x64.Build.0 = Debug|x64
		{7DE716E0-771E-48E2-A6D6-6F4DE9FF5132}.Debug|x86.ActiveCfg = Debug|Win32
		{7DE716E0-771E-48E2-A6D6-6F4DE9FF5132}.Debug|x86.Build.0 = Debug|Win32
		{7DE716E0-771E-48E2-A6D6-6F4DE9FF5132}.Release|x64.ActiveCfg = Release|x64
		{7DE716E0-771E-48E2-A6D6-6F4DE9FF5132}.Release|x64.Build.0 = Release|x64
		{7DE716E0-771E-48E2-A6D6-6F4DE9FF5132}.Release|x86.ActiveCfg = Release|Win32
		{7DE716E0-771E-48E2-A6D6-6F4DE9FF5132}.Release|x86.Build.0 = Release|Win32
		{A569B12E-1C26-401B-9816-CAAB139235F6}.Debug|x64.ActiveCfg = Debug|x64
		{A569B12E-1C26-401B-9816-CAAB139235F6}.Debug|x64.Build.0 = Debug|x64
		{A569B12E-1C26-401B-9816-CAAB139235F6}.Debug|x86.ActiveCfg = Debug|Win32
		{A569B12E-1C26-401B-9816-CAAB139235F6}.Debug|x86.Build.0 = Debug|Win32
		{A569B12E-1C26-401B-9816-CAAB139235F6}.Release|x64.ActiveCfg = Release|x64
		{A569B12E-1C26-401B-9816-CAAB139235F6}.Release|x64.Build.0 = Release|x64
		{A569B12E-1C26-401B-9816-CAAB139235F6}.Release|x86.ActiveCfg = Release|Win32
		{A569B12E-1C26-401B-9816-CAAB139235F6}.Release|x86.Build.0 = Release|Win32
	EndGlobalSection
	GlobalSection(SolutionProperties) = preSolution
		HideSolutionNode = FALSE
	EndGlobalSection
	GlobalSection(ExtensibilityGlobals) = postSolution
		SolutionGuid = {B68B6C88-5588-45A8-B051-3144F4320779}
	EndGlobalSection
EndGlobal
